// !$*UTF8*$!
{
	archiveVersion = 1;
	classes = {
	};
	objectVersion = 46;
	objects = {

/* Begin PBXBuildFile section */
		FE5403321EF766DF00566FAB /* main.m in Sources */ = {isa = PBXBuildFile; fileRef = FE5403311EF766DF00566FAB /* main.m */; };
		FE5403351EF766DF00566FAB /* AppDelegate.m in Sources */ = {isa = PBXBuildFile; fileRef = FE5403341EF766DF00566FAB /* AppDelegate.m */; };
		FE5403381EF766DF00566FAB /* ViewController.m in Sources */ = {isa = PBXBuildFile; fileRef = FE5403371EF766DF00566FAB /* ViewController.m */; };
		FE54033B1EF766E000566FAB /* Main.storyboard in Resources */ = {isa = PBXBuildFile; fileRef = FE5403391EF766E000566FAB /* Main.storyboard */; };
		FE54033D1EF766E000566FAB /* Assets.xcassets in Resources */ = {isa = PBXBuildFile; fileRef = FE54033C1EF766E000566FAB /* Assets.xcassets */; };
		FE5403401EF766E000566FAB /* LaunchScreen.storyboard in Resources */ = {isa = PBXBuildFile; fileRef = FE54033E1EF766E000566FAB /* LaunchScreen.storyboard */; };
		FE5403491EF76AC200566FAB /* AttributedManager.m in Sources */ = {isa = PBXBuildFile; fileRef = FE5403481EF76AC200566FAB /* AttributedManager.m */; };
/* End PBXBuildFile section */

/* Begin PBXFileReference section */
		FE54032D1EF766DE00566FAB /* Attribute_Demo.app */ = {isa = PBXFileReference; explicitFileType = wrapper.application; includeInIndex = 0; path = Attribute_Demo.app; sourceTree = BUILT_PRODUCTS_DIR; };
		FE5403311EF766DF00566FAB /* main.m */ = {isa = PBXFileReference; lastKnownFileType = sourcecode.c.objc; path = main.m; sourceTree = "<group>"; };
		FE5403331EF766DF00566FAB /* AppDelegate.h */ = {isa = PBXFileReference; lastKnownFileType = sourcecode.c.h; path = AppDelegate.h; sourceTree = "<group>"; };
		FE5403341EF766DF00566FAB /* AppDelegate.m */ = {isa = PBXFileReference; lastKnownFileType = sourcecode.c.objc; path = AppDelegate.m; sourceTree = "<group>"; };
		FE5403361EF766DF00566FAB /* ViewController.h */ = {isa = PBXFileReference; lastKnownFileType = sourcecode.c.h; path = ViewController.h; sourceTree = "<group>"; };
		FE5403371EF766DF00566FAB /* ViewController.m */ = {isa = PBXFileReference; lastKnownFileType = sourcecode.c.objc; path = ViewController.m; sourceTree = "<group>"; };
		FE54033A1EF766E000566FAB /* Base */ = {isa = PBXFileReference; lastKnownFileType = file.storyboard; name = Base; path = Base.lproj/Main.storyboard; sourceTree = "<group>"; };
		FE54033C1EF766E000566FAB /* Assets.xcassets */ = {isa = PBXFileReference; lastKnownFileType = folder.assetcatalog; path = Assets.xcassets; sourceTree = "<group>"; };
		FE54033F1EF766E000566FAB /* Base */ = {isa = PBXFileReference; lastKnownFileType = file.storyboard; name = Base; path = Base.lproj/LaunchScreen.storyboard; sourceTree = "<group>"; };
		FE5403411EF766E000566FAB /* Info.plist */ = {isa = PBXFileReference; lastKnownFileType = text.plist.xml; path = Info.plist; sourceTree = "<group>"; };
		FE5403471EF76AC200566FAB /* AttributedManager.h */ = {isa = PBXFileReference; fileEncoding = 4; lastKnownFileType = sourcecode.c.h; path = AttributedManager.h; sourceTree = "<group>"; };
		FE5403481EF76AC200566FAB /* AttributedManager.m */ = {isa = PBXFileReference; fileEncoding = 4; lastKnownFileType = sourcecode.c.objc; path = AttributedManager.m; sourceTree = "<group>"; };
/* End PBXFileReference section */

/* Begin PBXFrameworksBuildPhase section */
		FE54032A1EF766DE00566FAB /* Frameworks */ = {
			isa = PBXFrameworksBuildPhase;
			buildActionMask = 2147483647;
			files = (
			);
			runOnlyForDeploymentPostprocessing = 0;
		};
/* End PBXFrameworksBuildPhase section */

/* Begin PBXGroup section */
		FE5403241EF766DE00566FAB = {
			isa = PBXGroup;
			children = (
				FE54032F1EF766DE00566FAB /* Attribute_Demo */,
				FE54032E1EF766DE00566FAB /* Products */,
			);
			sourceTree = "<group>";
		};
		FE54032E1EF766DE00566FAB /* Products */ = {
			isa = PBXGroup;
			children = (
				FE54032D1EF766DE00566FAB /* Attribute_Demo.app */,
			);
			name = Products;
			sourceTree = "<group>";
		};
		FE54032F1EF766DE00566FAB /* Attribute_Demo */ = {
			isa = PBXGroup;
			children = (
				FE5403331EF766DF00566FAB /* AppDelegate.h */,
				FE5403341EF766DF00566FAB /* AppDelegate.m */,
				FE5403361EF766DF00566FAB /* ViewController.h */,
				FE5403371EF766DF00566FAB /* ViewController.m */,
				FE5403471EF76AC200566FAB /* AttributedManager.h */,
				FE5403481EF76AC200566FAB /* AttributedManager.m */,
				FE5403391EF766E000566FAB /* Main.storyboard */,
				FE54033C1EF766E000566FAB /* Assets.xcassets */,
				FE54033E1EF766E000566FAB /* LaunchScreen.storyboard */,
				FE5403411EF766E000566FAB /* Info.plist */,
				FE5403301EF766DF00566FAB /* Supporting Files */,
			);
			path = Attribute_Demo;
			sourceTree = "<group>";
		};
		FE5403301EF766DF00566FAB /* Supporting Files */ = {
			isa = PBXGroup;
			children = (
				FE5403311EF766DF00566FAB /* main.m */,
			);
			name = "Supporting Files";
			sourceTree = "<group>";
		};
/* End PBXGroup section */

/* Begin PBXNativeTarget section */
		FE54032C1EF766DE00566FAB /* Attribute_Demo */ = {
			isa = PBXNativeTarget;
			buildConfigurationList = FE5403441EF766E000566FAB /* Build configuration list for PBXNativeTarget "Attribute_Demo" */;
			buildPhases = (
				FE5403291EF766DE00566FAB /* Sources */,
				FE54032A1EF766DE00566FAB /* Frameworks */,
				FE54032B1EF766DE00566FAB /* Resources */,
			);
			buildRules = (
			);
			dependencies = (
			);
			name = Attribute_Demo;
			productName = Attribute_Demo;
			productReference = FE54032D1EF766DE00566FAB /* Attribute_Demo.app */;
			productType = "com.apple.product-type.application";
		};
/* End PBXNativeTarget section */

/* Begin PBXProject section */
		FE5403251EF766DE00566FAB /* Project object */ = {
			isa = PBXProject;
			attributes = {
				LastUpgradeCheck = 0820;
				ORGANIZATIONNAME = "田耀琦";
				TargetAttributes = {
					FE54032C1EF766DE00566FAB = {
						CreatedOnToolsVersion = 8.2.1;
						ProvisioningStyle = Manual;
					};
				};
			};
			buildConfigurationList = FE5403281EF766DE00566FAB /* Build configuration list for PBXProject "Attribute_Demo" */;
			compatibilityVersion = "Xcode 3.2";
			developmentRegion = English;
			hasScannedForEncodings = 0;
			knownRegions = (
				en,
				Base,
			);
			mainGroup = FE5403241EF766DE00566FAB;
			productRefGroup = FE54032E1EF766DE00566FAB /* Products */;
			projectDirPath = "";
			projectRoot = "";
			targets = (
				FE54032C1EF766DE00566FAB /* Attribute_Demo */,
			);
		};
/* End PBXProject section */

/* Begin PBXResourcesBuildPhase section */
		FE54032B1EF766DE00566FAB /* Resources */ = {
			isa = PBXResourcesBuildPhase;
			buildActionMask = 2147483647;
			files = (
				FE5403401EF766E000566FAB /* LaunchScreen.storyboard in Resources */,
				FE54033D1EF766E000566FAB /* Assets.xcassets in Resources */,
				FE54033B1EF766E000566FAB /* Main.storyboard in Resources */,
			);
			runOnlyForDeploymentPostprocessing = 0;
		};
/* End PBXResourcesBuildPhase section */

/* Begin PBXSourcesBuildPhase section */
		FE5403291EF766DE00566FAB /* Sources */ = {
			isa = PBXSourcesBuildPhase;
			buildActionMask = 2147483647;
			files = (
				FE5403381EF766DF00566FAB /* ViewController.m in Sources */,
				FE5403491EF76AC200566FAB /* AttributedManager.m in Sources */,
				FE5403351EF766DF00566FAB /* AppDelegate.m in Sources */,
				FE5403321EF766DF00566FAB /* main.m in Sources */,
			);
			runOnlyForDeploymentPostprocessing = 0;
		};
/* End PBXSourcesBuildPhase section */

/* Begin PBXVariantGroup section */
		FE5403391EF766E000566FAB /* Main.storyboard */ = {
			isa = PBXVariantGroup;
			children = (
				FE54033A1EF766E000566FAB /* Base */,
			);
			name = Main.storyboard;
			sourceTree = "<group>";
		};
		FE54033E1EF766E000566FAB /* LaunchScreen.storyboard */ = {
			isa = PBXVariantGroup;
			children = (
				FE54033F1EF766E000566FAB /* Base */,
			);
			name = LaunchScreen.storyboard;
			sourceTree = "<group>";
		};
/* End PBXVariantGroup section */

/* Begin XCBuildConfiguration section */
		FE5403421EF766E000566FAB /* Debug */ = {
			isa = XCBuildConfiguration;
			buildSettings = {
				ALWAYS_SEARCH_USER_PATHS = NO;
				CLANG_ANALYZER_NONNULL = YES;
				CLANG_CXX_LANGUAGE_STANDARD = "gnu++0x";
				CLANG_CXX_LIBRARY = "libc++";
				CLANG_ENABLE_MODULES = YES;
				CLANG_ENABLE_OBJC_ARC = YES;
				CLANG_WARN_BOOL_CONVERSION = YES;
				CLANG_WARN_CONSTANT_CONVERSION = YES;
				CLANG_WARN_DIRECT_OBJC_ISA_USAGE = YES_ERROR;
				CLANG_WARN_DOCUMENTATION_COMMENTS = YES;
				CLANG_WARN_EMPTY_BODY = YES;
				CLANG_WARN_ENUM_CONVERSION = YES;
				CLANG_WARN_INFINITE_RECURSION = YES;
				CLANG_WARN_INT_CONVERSION = YES;
				CLANG_WARN_OBJC_ROOT_CLASS = YES_ERROR;
				CLANG_WARN_SUSPICIOUS_MOVE = YES;
				CLANG_WARN_UNREACHABLE_CODE = YES;
				CLANG_WARN__DUPLICATE_METHOD_MATCH = YES;
				"CODE_SIGN_IDENTITY[sdk=iphoneos*]" = "iPhone Developer";
				COPY_PHASE_STRIP = NO;
				DEBUG_INFORMATION_FORMAT = dwarf;
				ENABLE_STRICT_OBJC_MSGSEND = YES;
				ENABLE_TESTABILITY = YES;
				GCC_C_LANGUAGE_STANDARD = gnu99;
				GCC_DYNAMIC_NO_PIC = NO;
				GCC_NO_COMMON_BLOCKS = YES;
				GCC_OPTIMIZATION_LEVEL = 0;
				GCC_PREPROCESSOR_DEFINITIONS = (
					"DEBUG=1",
					"$(inherited)",
				);
				GCC_WARN_64_TO_32_BIT_CONVERSION = YES;
				GCC_WARN_ABOUT_RETURN_TYPE = YES_ERROR;
				GCC_WARN_UNDECLARED_SELECTOR = YES;
				GCC_WARN_UNINITIALIZED_AUTOS = YES_AGGRESSIVE;
				GCC_WARN_UNUSED_FUNCTION = YES;
				GCC_WARN_UNUSED_VARIABLE = YES;
				IPHONEOS_DEPLOYMENT_TARGET = 10.2;
				MTL_ENABLE_DEBUG_INFO = YES;
				ONLY_ACTIVE_ARCH = YES;
				SDKROOT = iphoneos;
				TARGETED_DEVICE_FAMILY = "1,2";
			};
			name = Debug;
		};
		FE5403431EF766E000566FAB /* Release */ = {
			isa = XCBuildConfiguration;
			buildSettings = {
				ALWAYS_SEARCH_USER_PATHS = NO;
				CLANG_ANALYZER_NONNULL = YES;
				CLANG_CXX_LANGUAGE_STANDARD = "gnu++0x";
				CLANG_CXX_LIBRARY = "libc++";
				CLANG_ENABLE_MODULES = YES;
				CLANG_ENABLE_OBJC_ARC = YES;
				CLANG_WARN_BOOL_CONVERSION = YES;
				CLANG_WARN_CONSTANT_CONVERSION = YES;
				CLANG_WARN_DIRECT_OBJC_ISA_USAGE = YES_ERROR;
				CLANG_WARN_DOCUMENTATION_COMMENTS = YES;
				CLANG_WARN_EMPTY_BODY = YES;
				CLANG_WARN_ENUM_CONVERSION = YES;
				CLANG_WARN_INFINITE_RECURSION = YES;
				CLANG_WARN_INT_CONVERSION = YES;
				CLANG_WARN_OBJC_ROOT_CLASS = YES_ERROR;
				CLANG_WARN_SUSPICIOUS_MOVE = YES;
				CLANG_WARN_UNREACHABLE_CODE = YES;
				CLANG_WARN__DUPLICATE_METHOD_MATCH = YES;
				"CODE_SIGN_IDENTITY[sdk=iphoneos*]" = "iPhone Developer";
				COPY_PHASE_STRIP = NO;
				DEBUG_INFORMATION_FORMAT = "dwarf-with-dsym";
				ENABLE_NS_ASSERTIONS = NO;
				ENABLE_STRICT_OBJC_MSGSEND = YES;
				GCC_C_LANGUAGE_STANDARD = gnu99;
				GCC_NO_COMMON_BLOCKS = YES;
				GCC_WARN_64_TO_32_BIT_CONVERSION = YES;
				GCC_WARN_ABOUT_RETURN_TYPE = YES_ERROR;
				GCC_WARN_UNDECLARED_SELECTOR = YES;
				GCC_WARN_UNINITIALIZED_AUTOS = YES_AGGRESSIVE;
				GCC_WARN_UNUSED_FUNCTION = YES;
				GCC_WARN_UNUSED_VARIABLE = YES;
				IPHONEOS_DEPLOYMENT_TARGET = 10.2;
				MTL_ENABLE_DEBUG_INFO = NO;
				SDKROOT = iphoneos;
				TARGETED_DEVICE_FAMILY = "1,2";
				VALIDATE_PRODUCT = YES;
			};
			name = Release;
		};
		FE5403451EF766E000566FAB /* Debug */ = {
			isa = XCBuildConfiguration;
			buildSettings = {
				ASSETCATALOG_COMPILER_APPICON_NAME = AppIcon;
				DEVELOPMENT_TEAM = "";
				INFOPLIST_FILE = Attribute_Demo/Info.plist;
				LD_RUNPATH_SEARCH_PATHS = "$(inherited) @executable_path/Frameworks";
				PRODUCT_BUNDLE_IDENTIFIER = "com.qinong.Attribute-Demo";
				PRODUCT_NAME = "$(TARGET_NAME)";
			};
			name = Debug;
		};
		FE5403461EF766E000566FAB /* Release */ = {
			isa = XCBuildConfiguration;
			buildSettings = {
				ASSETCATALOG_COMPILER_APPICON_NAME = AppIcon;
				DEVELOPMENT_TEAM = "";
				INFOPLIST_FILE = Attribute_Demo/Info.plist;
				LD_RUNPATH_SEARCH_PATHS = "$(inherited) @executable_path/Frameworks";
				PRODUCT_BUNDLE_IDENTIFIER = "com.qinong.Attribute-Demo";
				PRODUCT_NAME = "$(TARGET_NAME)";
			};
			name = Release;
		};
/* End XCBuildConfiguration section */

/* Begin XCConfigurationList section */
		FE5403281EF766DE00566FAB /* Build configuration list for PBXProject "Attribute_Demo" */ = {
			isa = XCConfigurationList;
			buildConfigurations = (
				FE5403421EF766E000566FAB /* Debug */,
				FE5403431EF766E000566FAB /* Release */,
			);
			defaultConfigurationIsVisible = 0;
			defaultConfigurationName = Release;
		};
		FE5403441EF766E000566FAB /* Build configuration list for PBXNativeTarget "Attribute_Demo" */ = {
			isa = XCConfigurationList;
			buildConfigurations = (
				FE5403451EF766E000566FAB /* Debug */,
				FE5403461EF766E000566FAB /* Release */,
			);
			defaultConfigurationIsVisible = 0;
		};
/* End XCConfigurationList section */
	};
	rootObject = FE5403251EF766DE00566FAB /* Project object */;
}
